# THIS IS AN AUTOGENERATED FILE. DO NOT EDIT THIS FILE DIRECTLY.
# yarn lockfile v1


"@apollo/react-common@^3.1.4":
  version "3.1.4"
  resolved "https://registry.yarnpkg.com/@apollo/react-common/-/react-common-3.1.4.tgz#ec13c985be23ea8e799c9ea18e696eccc97be345"
  integrity sha512-X5Kyro73bthWSCBJUC5XYQqMnG0dLWuDZmVkzog9dynovhfiVCV4kPSdgSIkqnb++cwCzOVuQ4rDKVwo2XRzQA==
  dependencies:
    ts-invariant "^0.4.4"
    tslib "^1.10.0"

"@apollo/react-components@^3.1.5":
  version "3.1.5"
  resolved "https://registry.yarnpkg.com/@apollo/react-components/-/react-components-3.1.5.tgz#040d2f35ce4947747efe16f76d59dcbd797ffdaf"
  integrity sha512-c82VyUuE9VBnJB7bnX+3dmwpIPMhyjMwyoSLyQWPHxz8jK4ak30XszJtqFf4eC4hwvvLYa+Ou6X73Q8V8e2/jg==
  dependencies:
    "@apollo/react-common" "^3.1.4"
    "@apollo/react-hooks" "^3.1.5"
    prop-types "^15.7.2"
    ts-invariant "^0.4.4"
    tslib "^1.10.0"

"@apollo/react-hoc@^3.1.5":
  version "3.1.5"
  resolved "https://registry.yarnpkg.com/@apollo/react-hoc/-/react-hoc-3.1.5.tgz#6552d2fb4aafc59fdc8f4e353358b98b89cfab6f"
  integrity sha512-jlZ2pvEnRevLa54H563BU0/xrYSgWQ72GksarxUzCHQW85nmn9wQln0kLBX7Ua7SBt9WgiuYQXQVechaaCulfQ==
  dependencies:
    "@apollo/react-common" "^3.1.4"
    "@apollo/react-components" "^3.1.5"
    hoist-non-react-statics "^3.3.0"
    ts-invariant "^0.4.4"
    tslib "^1.10.0"

"@apollo/react-hooks@^3.1.5":
  version "3.1.5"
  resolved "https://registry.yarnpkg.com/@apollo/react-hooks/-/react-hooks-3.1.5.tgz#7e710be52461255ae7fc0b3b9c2ece64299c10e6"
  integrity sha512-y0CJ393DLxIIkksRup4nt+vSjxalbZBXnnXxYbviq/woj+zKa431zy0yT4LqyRKpFy9ahMIwxBnBwfwIoupqLQ==
  dependencies:
    "@apollo/react-common" "^3.1.4"
    "@wry/equality" "^0.1.9"
    ts-invariant "^0.4.4"
    tslib "^1.10.0"

"@apollo/react-ssr@^3.1.5":
  version "3.1.5"
  resolved "https://registry.yarnpkg.com/@apollo/react-ssr/-/react-ssr-3.1.5.tgz#53703cd493afcde567acc6d5512cab03dafce6de"
  integrity sha512-wuLPkKlctNn3u8EU8rlECyktpOUCeekFfb0KhIKknpGY6Lza2Qu0bThx7D9MIbVEzhKadNNrzLcpk0Y8/5UuWg==
  dependencies:
    "@apollo/react-common" "^3.1.4"
    "@apollo/react-hooks" "^3.1.5"
    tslib "^1.10.0"

"@formatjs/intl-datetimeformat@^1.3.0":
  version "1.3.0"
  resolved "https://registry.yarnpkg.com/@formatjs/intl-datetimeformat/-/intl-datetimeformat-1.3.0.tgz#7641b8cccd22c6c984cd8a7536a75ec1fb590668"
  integrity sha512-kT9pSfgodQvXW0RnvA0jz6GMAc001RT+WvlCqWq8DQEdZr+LqzQLHr5lNuXR228oJGmnCwDGKkIdvK0nslWW+g==
  dependencies:
    "@formatjs/intl-getcanonicallocales" "1.2.6"
    "@formatjs/intl-utils" "^3.4.1"

"@formatjs/intl-displaynames@^2.2.8":
  version "2.2.8"
  resolved "https://registry.yarnpkg.com/@formatjs/intl-displaynames/-/intl-displaynames-2.2.8.tgz#4903ecd5a6949b4cca2e5898a180c90349b4b1d0"
  integrity sha512-9DbfyzylOpbf6XldkGD81U7JZdky9elxE67uPfUrQo/m3Q0/UMWAD1m04Ol7Pfd65pvGCdMKgATl7b9avKKNrQ==
  dependencies:
    "@formatjs/intl-utils" "^3.4.1"

"@formatjs/intl-getcanonicallocales@1.2.6":
  version "1.2.6"
  resolved "https://registry.yarnpkg.com/@formatjs/intl-getcanonicallocales/-/intl-getcanonicallocales-1.2.6.tgz#7aea999dc3130bd2a04b6eea490f3ec22759d04b"
  integrity sha512-ZO38NUZoGHAeIn0B4ZXMdpcgdH5i2pZUIMvrf/l2XLAB339x8Yxx+P6WHTD66bQhyntuFpry5iN6zPBqnMubdA==
  dependencies:
    cldr-core "36.0.0"

"@formatjs/intl-listformat@^2.2.8":
  version "2.2.8"
  resolved "https://registry.yarnpkg.com/@formatjs/intl-listformat/-/intl-listformat-2.2.8.tgz#9ef57a752f7cdfbe40977c223069956dd4c60809"
  integrity sha512-qtbXw24Ns2h74Y7Ph5eeTXUd1FoKhEJzsZm7ajdCWORumAu4tz4eIbV1TOhvaYvY/D1zYxsQcHMI7GtkaWygIQ==
  dependencies:
    "@formatjs/intl-utils" "^3.4.1"

"@formatjs/intl-numberformat@^4.2.10":
  version "4.2.10"
  resolved "https://registry.yarnpkg.com/@formatjs/intl-numberformat/-/intl-numberformat-4.2.10.tgz#2c05add2233bb87e58e992778f9eb39996703421"
  integrity sha512-mdubK3/Ml16LB/sS9LGSqCsXZ2CAHd7B3CvFhLTiPYFZSwNE9YUxp7n0VK3P/g8H5C9oweegI05onILkRCp6XQ==
  dependencies:
    "@formatjs/intl-utils" "^3.4.1"

"@formatjs/intl-relativetimeformat@^5.2.10":
  version "5.2.10"
  resolved "https://registry.yarnpkg.com/@formatjs/intl-relativetimeformat/-/intl-relativetimeformat-5.2.10.tgz#abb29304d0f3a55e7d351a5fa07b3a18cbaf0638"
  integrity sha512-ipNDOpczSdJEwNSIQfA7AT/5vF3VTOSMgBQWBG165lPp+hU3V9QbT1lWGeYfzyiUKTEqEtcY7HBy9GTDuITvjw==
  dependencies:
    "@formatjs/intl-utils" "^3.4.1"

"@formatjs/intl-utils@^3.4.1":
  version "3.4.1"
  resolved "https://registry.yarnpkg.com/@formatjs/intl-utils/-/intl-utils-3.4.1.tgz#705646e3be11e5851c33c44448dc3d828997ac41"
  integrity sha512-4rdSTl+ki74ncP0GsdqoKczVWHZQKAemW9YRkhbvpcJrAFDLSEMIagQ+YPy+25plyLfgE/iOYManLdpdUF2IcA==
  dependencies:
    emojis-list "^3.0.0"

"@types/bootstrap@^4.3.0":
  version "4.3.0"
  resolved "https://registry.yarnpkg.com/@types/bootstrap/-/bootstrap-4.3.0.tgz#4cac01617f56239a5146945a98bde64274838c35"
  integrity sha512-v1BkpRVgNH9eXE+RtWFP1wh/+SAkPZaxHthS6umqf1sGV0tAvHdPHZpAOB+H74e91ElOxtS56dxbon+lXWk4AQ==
  dependencies:
    "@types/jquery" "*"
    popper.js "^1.14.1"

"@types/graphql@^14.0.5":
  version "14.2.0"
  resolved "https://registry.yarnpkg.com/@types/graphql/-/graphql-14.2.0.tgz#74e1da5f2a4a744ac6eb3ed57b48242ea9367202"
  integrity sha512-lELg5m6eBOmATWyCZl8qULEOvnPIUG6B443yXKj930glXIgwQirIBPp5rthP2amJW0YSzUg2s5sfgba4mRRCNw==

"@types/hoist-non-react-statics@^3.3.1":
  version "3.3.1"
  resolved "https://registry.yarnpkg.com/@types/hoist-non-react-statics/-/hoist-non-react-statics-3.3.1.tgz#1124aafe5118cb591977aeb1ceaaed1070eb039f"
  integrity sha512-iMIqiko6ooLrTh1joXodJK5X9xeEALT1kM5G3ZLhD3hszxBdIEd5C75U834D9mLcINgD4OyZf5uQXjkuYydWvA==
  dependencies:
    "@types/react" "*"
    hoist-non-react-statics "^3.3.0"

"@types/invariant@^2.2.31":
  version "2.2.33"
  resolved "https://registry.yarnpkg.com/@types/invariant/-/invariant-2.2.33.tgz#ec5eec29c63bf5e4ca164e9feb3ef7337cdcbadb"
  integrity sha512-/jUNmS8d4bCKdqslfxW6dg/9Gksfzxz67IYfqApHn+HvHlMVXwYv2zpTDnS/yaK9BB0i0GlBTaYci0EFE62Hmw==

"@types/jquery@*":
  version "3.3.29"
  resolved "https://registry.yarnpkg.com/@types/jquery/-/jquery-3.3.29.tgz#680a2219ce3c9250483722fccf5570d1e2d08abd"
  integrity sha512-FhJvBninYD36v3k6c+bVk1DSZwh7B5Dpb/Pyk3HKVsiohn0nhbefZZ+3JXbWQhFyt0MxSl2jRDdGQPHeOHFXrQ==
  dependencies:
    "@types/sizzle" "*"

"@types/node@^10.14.4":
  version "10.14.6"
  resolved "https://registry.yarnpkg.com/@types/node/-/node-10.14.6.tgz#9cbfcb62c50947217f4d88d4d274cc40c22625a9"
  integrity sha512-Fvm24+u85lGmV4hT5G++aht2C5I4Z4dYlWZIh62FAfFO/TfzXtPpoLI6I7AuBWkIFqZCnhFOoTT7RjjaIL5Fjg==

"@types/prop-types@*":
  version "15.7.1"
  resolved "https://registry.yarnpkg.com/@types/prop-types/-/prop-types-15.7.1.tgz#f1a11e7babb0c3cad68100be381d1e064c68f1f6"
  integrity sha512-CFzn9idOEpHrgdw8JsoTkaDDyRWk1jrzIV8djzcgpq0y9tG4B4lFT+Nxh52DVpDXV+n4+NPNv7M1Dj5uMp6XFg==

"@types/react-dom@^16.8.3":
  version "16.8.4"
  resolved "https://registry.yarnpkg.com/@types/react-dom/-/react-dom-16.8.4.tgz#7fb7ba368857c7aa0f4e4511c4710ca2c5a12a88"
  integrity sha512-eIRpEW73DCzPIMaNBDP5pPIpK1KXyZwNgfxiVagb5iGiz6da+9A5hslSX6GAQKdO7SayVCS/Fr2kjqprgAvkfA==
  dependencies:
    "@types/react" "*"

"@types/react-intl@^3.0.0":
  version "3.0.0"
  resolved "https://registry.yarnpkg.com/@types/react-intl/-/react-intl-3.0.0.tgz#a2cce0024b6cfe403be28ccf67f49d720fa810ec"
  integrity sha512-k8F3d05XQGEqSWIfK97bBjZe4z9RruXU9Wa7OZ2iUC5pdeIpzuQDZe/9C2J3Xir5//ZtAkhcv08Wfx3n5TBTQg==
  dependencies:
    react-intl "*"

"@types/react@*", "@types/react@^16.8.8":
  version "16.8.17"
  resolved "https://registry.yarnpkg.com/@types/react/-/react-16.8.17.tgz#f287b76a5badb93bc9aa3f54521a3eb53d6c2374"
  integrity sha512-pln3mgc6VfkNg92WXODul/ONo140huK9OMsx62GlBlZ2lvjNK86PQJhYMPLO1i66aF5O9OPyZefogvNltBIszA==
  dependencies:
    "@types/prop-types" "*"
    csstype "^2.2.0"

"@types/sizzle@*":
  version "2.3.2"
  resolved "https://registry.yarnpkg.com/@types/sizzle/-/sizzle-2.3.2.tgz#a811b8c18e2babab7d542b3365887ae2e4d9de47"
  integrity sha512-7EJYyKTL7tFR8+gDbB6Wwz/arpGa0Mywk1TJbNzKzHtzbwVmY4HR9WqS5VV7dsBUKQmPNr192jHr/VpBluj/hg==

"@wry/equality@^0.1.9":
  version "0.1.11"
  resolved "https://registry.yarnpkg.com/@wry/equality/-/equality-0.1.11.tgz#35cb156e4a96695aa81a9ecc4d03787bc17f1790"
  integrity sha512-mwEVBDUVODlsQQ5dfuLUS5/Tf7jqUKyhKYHmVi4fPB6bDMOfWvUPJmKgS1Z7Za/sOI3vzWt4+O7yCiL/70MogA==
  dependencies:
    tslib "^1.9.3"

cldr-core@36.0.0:
  version "36.0.0"
  resolved "https://registry.yarnpkg.com/cldr-core/-/cldr-core-36.0.0.tgz#1d2148ed6802411845baeeb21432d7bbfde7d4f7"
  integrity sha512-QLnAjt20rZe38c8h8OJ9jPND+O4o5O8Nw0TK/P3KpNn1cmOhMu0rk6Kc3ap96c5OStQ9gAngs9+Be2sum26NOw==

csstype@^2.2.0:
  version "2.6.4"
  resolved "https://registry.yarnpkg.com/csstype/-/csstype-2.6.4.tgz#d585a6062096e324e7187f80e04f92bd0f00e37f"
  integrity sha512-lAJUJP3M6HxFXbqtGRc0iZrdyeN+WzOWeY0q/VnFzI+kqVrYIzC7bWlKqCW7oCIdzoPkvfp82EVvrTlQ8zsWQg==

emojis-list@^3.0.0:
  version "3.0.0"
  resolved "https://registry.yarnpkg.com/emojis-list/-/emojis-list-3.0.0.tgz#5570662046ad29e2e916e71aae260abdff4f6a78"
  integrity sha512-/kyM18EfinwXZbno9FyUGeFh87KC8HRQBQGildHZbEuRyWFOmv1U10o9BBp8XVZDVNNuQKyIGIu5ZYAAXJ0V2Q==

graphql@^14.0.2:
  version "14.3.0"
  resolved "https://registry.yarnpkg.com/graphql/-/graphql-14.3.0.tgz#34dd36faa489ff642bcd25df6c3b4f988a1a2f3e"
  integrity sha512-MdfI4v7kSNC3NhB7cF8KNijDsifuWO2XOtzpyququqaclO8wVuChYv+KogexDwgP5sp7nFI9Z6N4QHgoLkfjrg==
  dependencies:
    iterall "^1.2.2"

hoist-non-react-statics@^1.0.3:
  version "1.2.0"
  resolved "https://registry.yarnpkg.com/hoist-non-react-statics/-/hoist-non-react-statics-1.2.0.tgz#aa448cf0986d55cc40773b17174b7dd066cb7cfb"
  integrity sha1-qkSM8JhtVcxAdzsXF0t90GbLfPs=

hoist-non-react-statics@^3.3.0:
  version "3.3.0"
  resolved "https://registry.yarnpkg.com/hoist-non-react-statics/-/hoist-non-react-statics-3.3.0.tgz#b09178f0122184fb95acf525daaecb4d8f45958b"
  integrity sha512-0XsbTXxgiaCDYDIWFcwkmerZPSwywfUqYmwT4jzewKTQSWoE6FCMoUVOeBJWK3E/CrWbxRG3m5GzY4lnIwGRBA==
  dependencies:
    react-is "^16.7.0"

hoist-non-react-statics@^3.3.2:
  version "3.3.2"
  resolved "https://registry.yarnpkg.com/hoist-non-react-statics/-/hoist-non-react-statics-3.3.2.tgz#ece0acaf71d62c2969c2ec59feff42a4b1a85b45"
  integrity sha512-/gGivxi8JPKWNm/W0jSmzcMPpfpPLc3dY/6GxhX2hQ9iGj3aDfklV4ET7NjKpSinLpJ5vafa9iiGIEZg10SfBw==
  dependencies:
    react-is "^16.7.0"

intl-format-cache@^4.2.42:
  version "4.2.42"
  resolved "https://registry.yarnpkg.com/intl-format-cache/-/intl-format-cache-4.2.42.tgz#8fc1de0fe72764d05b339a71b7ee0517c5ef0757"
  integrity sha512-NJldCapugigFv1yAyqsY8jDdHFIJU427Ko47xf4yg2qLj4TtBA0d9lwqFnP5s9WOLJoNP/4ddu85B3ix0c5R7Q==

intl-messageformat-parser@^5.2.0:
  version "5.2.0"
  resolved "https://registry.yarnpkg.com/intl-messageformat-parser/-/intl-messageformat-parser-5.2.0.tgz#c9b0cb60dbd327c4ed93f24db7d1806cd45f4769"
  integrity sha512-SNEyrrDkkSVUfnt+b+RCwn2rq5cMz7hZIJvn76ot0CcoRMIm8i9rU4Rpy6xUM8oayJyD1ayQYVjjeC1+Qea6Aw==
  dependencies:
    "@formatjs/intl-numberformat" "^4.2.10"

intl-messageformat@^8.4.0:
  version "8.4.0"
  resolved "https://registry.yarnpkg.com/intl-messageformat/-/intl-messageformat-8.4.0.tgz#e41466135330b168b3df7cc1e8dd5c616d97faa3"
  integrity sha512-1W1lLNuf11qCg8pRHwINvvCHu1sa8vS9ZbIKP0qv5E/wfx1NvIPx4e4FPa/LCfsT4cz/Ifh1MeMW6Sb3HJgOhg==
  dependencies:
    intl-format-cache "^4.2.42"
    intl-messageformat-parser "^5.2.0"

iterall@^1.2.2:
  version "1.2.2"
  resolved "https://registry.yarnpkg.com/iterall/-/iterall-1.2.2.tgz#92d70deb8028e0c39ff3164fdbf4d8b088130cd7"
  integrity sha512-yynBb1g+RFUPY64fTrFv7nsjRrENBQJaX2UL+2Szc9REFrSNm1rpSXHGzhmAy7a9uv3vlvgBlXnf9RqmPH1/DA==

"js-tokens@^3.0.0 || ^4.0.0":
  version "4.0.0"
  resolved "https://registry.yarnpkg.com/js-tokens/-/js-tokens-4.0.0.tgz#19203fb59991df98e3a287050d4647cdeaf32499"
  integrity sha512-RdJUflcE3cUzKiMqQgsCu06FPu9UdIJO0beYbPhHN4k6apgJtifcoCtT9bcxOpYBtpD2kCM6Sbzg4CausW/PKQ==

loose-envify@^1.1.0, loose-envify@^1.4.0:
  version "1.4.0"
  resolved "https://registry.yarnpkg.com/loose-envify/-/loose-envify-1.4.0.tgz#71ee51fa7be4caec1a63839f7e682d8132d30caf"
  integrity sha512-lyuxPGr/Wfhrlem2CL/UcnUc1zcqKAImBDzukY7Y5F/yQiNdko6+fRLevlw1HgMySw7f611UIY408EtxRSoK3Q==
  dependencies:
    js-tokens "^3.0.0 || ^4.0.0"

object-assign@^4.1.1:
  version "4.1.1"
  resolved "https://registry.yarnpkg.com/object-assign/-/object-assign-4.1.1.tgz#2109adc7965887cfc05cbbd442cac8bfbb360863"
  integrity sha1-IQmtx5ZYh8/AXLvUQsrIv7s2CGM=

popper.js@^1.14.1:
  version "1.15.0"
  resolved "https://registry.yarnpkg.com/popper.js/-/popper.js-1.15.0.tgz#5560b99bbad7647e9faa475c6b8056621f5a4ff2"
  integrity sha512-w010cY1oCUmI+9KwwlWki+r5jxKfTFDVoadl7MSrIujHU5MJ5OR6HTDj6Xo8aoR/QsA56x8jKjA59qGH4ELtrA==

prop-types@^15.6.2, prop-types@^15.7.2:
  version "15.7.2"
  resolved "https://registry.yarnpkg.com/prop-types/-/prop-types-15.7.2.tgz#52c41e75b8c87e72b9d9360e0206b99dcbffa6c5"
  integrity sha512-8QQikdH7//R2vurIJSutZ1smHYTcLpRWEOlHnzcWHmBYrOGUysKwSsrC89BCiFj3CbrfJ/nXFdJepOVrY1GCHQ==
  dependencies:
    loose-envify "^1.4.0"
    object-assign "^4.1.1"
    react-is "^16.8.1"

react-apollo@^3.0.0:
  version "3.1.5"
  resolved "https://registry.yarnpkg.com/react-apollo/-/react-apollo-3.1.5.tgz#36692d393c47e7ccc37f0a885c7cc5a8b4961c91"
  integrity sha512-xOxMqxORps+WHrUYbjVHPliviomefOpu5Sh35oO3osuOyPTxvrljdfTLGCggMhcXBsDljtS5Oy4g+ijWg3D4JQ==
  dependencies:
    "@apollo/react-common" "^3.1.4"
    "@apollo/react-components" "^3.1.5"
    "@apollo/react-hoc" "^3.1.5"
    "@apollo/react-hooks" "^3.1.5"
    "@apollo/react-ssr" "^3.1.5"

react-async-script-loader@^0.3.0:
  version "0.3.0"
  resolved "https://registry.yarnpkg.com/react-async-script-loader/-/react-async-script-loader-0.3.0.tgz#c742b3ca25e08ba61ab7eb64371f814027692b86"
  integrity sha1-x0KzyiXgi6Yat+tkNx+BQCdpK4Y=
  dependencies:
    hoist-non-react-statics "^1.0.3"

react-dom@^16.8.5:
  version "16.8.6"
  resolved "https://registry.yarnpkg.com/react-dom/-/react-dom-16.8.6.tgz#71d6303f631e8b0097f56165ef608f051ff6e10f"
  integrity sha512-1nL7PIq9LTL3fthPqwkvr2zY7phIPjYrT0jp4HjyEQrEROnw4dG41VVwi/wfoCneoleqrNX7iAD+pXebJZwrwA==
  dependencies:
    loose-envify "^1.1.0"
    object-assign "^4.1.1"
    prop-types "^15.6.2"
    scheduler "^0.13.6"

react-intl@*, react-intl@^4.7.3:
  version "4.7.3"
  resolved "https://registry.yarnpkg.com/react-intl/-/react-intl-4.7.3.tgz#d39feceec437076a355ae79c0f49c439e2e6c976"
  integrity sha512-1PaoVEXlVEbqf0+uW9k0LnveE9ab5XFNs+6qVHSP6PLUmu/FyDobKP41Yvyrv3MhclIXvOmNpCAoVHb3iiiKnA==
  dependencies:
    "@formatjs/intl-datetimeformat" "^1.3.0"
    "@formatjs/intl-displaynames" "^2.2.8"
    "@formatjs/intl-listformat" "^2.2.8"
    "@formatjs/intl-numberformat" "^4.2.10"
    "@formatjs/intl-relativetimeformat" "^5.2.10"
    "@formatjs/intl-utils" "^3.4.1"
    "@types/hoist-non-react-statics" "^3.3.1"
    "@types/invariant" "^2.2.31"
    hoist-non-react-statics "^3.3.2"
    intl-format-cache "^4.2.42"
    intl-messageformat "^8.4.0"
    intl-messageformat-parser "^5.2.0"
    shallow-equal "^1.2.1"

react-is@^16.7.0, react-is@^16.8.1:
  version "16.8.6"
  resolved "https://registry.yarnpkg.com/react-is/-/react-is-16.8.6.tgz#5bbc1e2d29141c9fbdfed456343fe2bc430a6a16"
  integrity sha512-aUk3bHfZ2bRSVFFbbeVS4i+lNPZr3/WM5jT2J5omUVV1zzcs1nAaf3l51ctA5FFvCRbhrH0bdAsRRQddFJZPtA==

react@^16.8.6:
  version "16.8.6"
  resolved "https://registry.yarnpkg.com/react/-/react-16.8.6.tgz#ad6c3a9614fd3a4e9ef51117f54d888da01f2bbe"
  integrity sha512-pC0uMkhLaHm11ZSJULfOBqV4tIZkx87ZLvbbQYunNixAAvjnC+snJCg0XQXn9VIsttVsbZP/H/ewzgsd5fxKXw==
  dependencies:
    loose-envify "^1.1.0"
    object-assign "^4.1.1"
    prop-types "^15.6.2"
    scheduler "^0.13.6"

scheduler@^0.13.6:
  version "0.13.6"
  resolved "https://registry.yarnpkg.com/scheduler/-/scheduler-0.13.6.tgz#466a4ec332467b31a91b9bf74e5347072e4cd889"
  integrity sha512-IWnObHt413ucAYKsD9J1QShUKkbKLQQHdxRyw73sw4FN26iWr3DY/H34xGPe4nmL1DwXyWmSWmMrA9TfQbE/XQ==
  dependencies:
    loose-envify "^1.1.0"
    object-assign "^4.1.1"

shallow-equal@^1.2.1:
  version "1.2.1"
  resolved "https://registry.yarnpkg.com/shallow-equal/-/shallow-equal-1.2.1.tgz#4c16abfa56043aa20d050324efa68940b0da79da"
  integrity sha512-S4vJDjHHMBaiZuT9NPb616CSmLf618jawtv3sufLl6ivK8WocjAo58cXwbRV1cgqxH0Qbv+iUt6m05eqEa2IRA==

ts-invariant@^0.4.4:
  version "0.4.4"
  resolved "https://registry.yarnpkg.com/ts-invariant/-/ts-invariant-0.4.4.tgz#97a523518688f93aafad01b0e80eb803eb2abd86"
  integrity sha512-uEtWkFM/sdZvRNNDL3Ehu4WVpwaulhwQszV8mrtcdeE8nN00BV9mAmQ88RkrBhFgl9gMgvjJLAQcZbnPXI9mlA==
  dependencies:
    tslib "^1.9.3"

tslib@^1.10.0:
  version "1.13.0"
  resolved "https://registry.yarnpkg.com/tslib/-/tslib-1.13.0.tgz#c881e13cc7015894ed914862d276436fa9a47043"
  integrity sha512-i/6DQjL8Xf3be4K/E6Wgpekn5Qasl1usyw++dAA35Ue5orEn65VIxOA+YvNNl9HV3qv70T7CNwjODHZrLwvd1Q==

tslib@^1.9.3:
  version "1.9.3"
  resolved "https://registry.yarnpkg.com/tslib/-/tslib-1.9.3.tgz#d7e4dd79245d85428c4d7e4822a79917954ca286"
  integrity sha512-4krF8scpejhaOgqzBEcGM7yDIEfi0/8+8zDRZhNZZ2kjmHJ4hv3zCbQWxoJGz1iw5U0Jl0nma13xzHXcncMavQ==

"vtex.apps-graphql@http://vtex.vtexassets.com/_v/public/typings/v1/vtex.apps-graphql@2.5.1/public/@types/vtex.apps-graphql":
  version "2.5.1"
  resolved "http://vtex.vtexassets.com/_v/public/typings/v1/vtex.apps-graphql@2.5.1/public/@types/vtex.apps-graphql#3c5789b5877e6b6a3d9c4cac35a80f2c3bb8b5fe"

"vtex.css-handles@http://vtex.vtexassets.com/_v/public/typings/v1/vtex.css-handles@0.4.2/public/@types/vtex.css-handles":
  version "0.4.2"
  resolved "http://vtex.vtexassets.com/_v/public/typings/v1/vtex.css-handles@0.4.2/public/@types/vtex.css-handles#62ee61d1bb9efdc919e5cf4bb44fabcf9050d255"

"vtex.render-runtime@http://vtex.vtexassets.com/_v/public/typings/v1/vtex.render-runtime@8.109.0/public/@types/vtex.render-runtime":
  version "8.109.0"
  resolved "http://vtex.vtexassets.com/_v/public/typings/v1/vtex.render-runtime@8.109.0/public/@types/vtex.render-runtime#88f682998e59c395fa10147883e95c03b8ee0884"

"vtex.shop-review-interfaces@http://vtex.vtexassets.com/_v/public/typings/v1/vtex.shop-review-interfaces@0.3.0/public/@types/vtex.shop-review-interfaces":
  version "0.3.0"
  resolved "http://vtex.vtexassets.com/_v/public/typings/v1/vtex.shop-review-interfaces@0.3.0/public/@types/vtex.shop-review-interfaces#49814bc7f0919688c3a0197ef1c9c51481ce6b55"

"vtex.store-components@http://vtex.vtexassets.com/_v/public/typings/v1/vtex.store-components@3.119.3/public/_types/react":
  version "0.0.0"
  resolved "http://vtex.vtexassets.com/_v/public/typings/v1/vtex.store-components@3.119.3/public/_types/react#fa7a0347e046eab3dd768998fc9252b2c0dd5aef"

"vtex.store@http://vtex.vtexassets.com/_v/public/typings/v1/vtex.store@2.96.2/public/@types/vtex.store":
  version "2.96.2"
  resolved "http://vtex.vtexassets.com/_v/public/typings/v1/vtex.store@2.96.2/public/@types/vtex.store#c326f64caf2b84498d3f9d0babeaf05167763668"

"vtex.styleguide@http://vtex.vtexassets.com/_v/public/typings/v1/vtex.styleguide@9.123.0/public/@types/vtex.styleguide":
  version "9.123.0"
  resolved "http://vtex.vtexassets.com/_v/public/typings/v1/vtex.styleguide@9.123.0/public/@types/vtex.styleguide#821de16fb8128fbe29e69b7fa7864345d5dc31ba"
